// !$*UTF8*$!
{
	archiveVersion = 1;
	classes = {
	};
	objectVersion = 46;
	objects = {
/* Begin PBXBuildFile section */
		0207DA581B56EA530066E2B4 /* Images.xcassets in Resources */ = {isa = PBXBuildFile; fileRef = 0207DA571B56EA530066E2B4 /* Images.xcassets */; };
		1D3623260D0F684500981E51 /* AppDelegate.m in Sources */ = {isa = PBXBuildFile; fileRef = 1D3623250D0F684500981E51 /* AppDelegate.m */; };
		1D60589B0D05DD56006BFB54 /* main.m in Sources */ = {isa = PBXBuildFile; fileRef = 29B97316FDCFA39411CA2CEA /* main.m */; };
		301BF552109A68D80062928A /* libCordova.a in Frameworks */ = {isa = PBXBuildFile; fileRef = 301BF535109A57CC0062928A /* libCordova.a */; };
		302D95F114D2391D003F00A1 /* MainViewController.m in Sources */ = {isa = PBXBuildFile; fileRef = 302D95EF14D2391D003F00A1 /* MainViewController.m */; };
		302D95F214D2391D003F00A1 /* MainViewController.xib in Resources */ = {isa = PBXBuildFile; fileRef = 302D95F014D2391D003F00A1 /* MainViewController.xib */; };
		3047A5121AB8059700498E2A /* build-debug.xcconfig in Resources */ = {isa = PBXBuildFile; fileRef = 3047A50F1AB8059700498E2A /* build-debug.xcconfig */; };
		3047A5131AB8059700498E2A /* build-release.xcconfig in Resources */ = {isa = PBXBuildFile; fileRef = 3047A5101AB8059700498E2A /* build-release.xcconfig */; };
		3047A5141AB8059700498E2A /* build.xcconfig in Resources */ = {isa = PBXBuildFile; fileRef = 3047A5111AB8059700498E2A /* build.xcconfig */; };
		6AFF5BF91D6E424B00AB3073 /* CDVLaunchScreen.storyboard in Resources */ = {isa = PBXBuildFile; fileRef = 6AFF5BF81D6E424B00AB3073 /* CDVLaunchScreen.storyboard */; };
		7662688DDAB0413F8284747A /* TCPlugin.m in Sources */ = {isa = PBXBuildFile; fileRef = DADE3F46E14548D0804B80C3 /* TCPlugin.m */; };
		6454F38AC4E94756AC7B2622 /* AudioToolbox.framework in Frameworks */ = {isa = PBXBuildFile; fileRef = 2A443276C97745B19D59F023 /* AudioToolbox.framework */; };
		6EA0943396C94E718D16C727 /* AVFoundation.framework in Frameworks */ = {isa = PBXBuildFile; fileRef = E7352786824049F7AC7C8AAC /* AVFoundation.framework */; };
		519AFD87E9BD4F67ACB2F8B9 /* CFNetwork.framework in Frameworks */ = {isa = PBXBuildFile; fileRef = 78A3874500F445798DF4C7F1 /* CFNetwork.framework */; };
		1D315593E71B4A57880818B2 /* SystemConfiguration.framework in Frameworks */ = {isa = PBXBuildFile; fileRef = 061BECE8CEF742318DD575D1 /* SystemConfiguration.framework */; };
		C092F71E701D417AB76EF53D /* CDVNotification.m in Sources */ = {isa = PBXBuildFile; fileRef = 5F7E88933A2F423DA2BD5E5A /* CDVNotification.m */; };
		60A656CA4046437CAF69F840 /* CDVNotification.bundle in Resources */ = {isa = PBXBuildFile; fileRef = 65259BA2F0DA4A9B9D017DF8 /* CDVNotification.bundle */; };
		26970FD928714F1491207D93 /* CDVBackgroundFetch.m in Sources */ = {isa = PBXBuildFile; fileRef = FC124BB33E5C40A99311AB9A /* CDVBackgroundFetch.m */; };
		A7700343F4764BF69BC3C1D2 /* TSBackgroundFetch.framework in Frameworks */ = {isa = PBXBuildFile; fileRef = D25F4F8FC669490B8835D862 /* TSBackgroundFetch.framework */; };
		21FAAAF18793488C83D81469 /* libCocoaLumberjack.a in Frameworks */ = {isa = PBXBuildFile; fileRef = 521E3DD90E91469AB776DD99 /* libCocoaLumberjack.a */; };
		334C1D1895744338863AD04D /* CDVBackgroundGeolocation.m in Sources */ = {isa = PBXBuildFile; fileRef = 8AE3B3B03C0146D3990E41BA /* CDVBackgroundGeolocation.m */; };
		18DEFFF74508466A80E5A25F /* libsqlite3.dylib in Frameworks */ = {isa = PBXBuildFile; fileRef = 6BCA8FCA0ABC42D7A74B86E6 /* libsqlite3.dylib */; settings = {ATTRIBUTES = (Weak, ); }; };
		202981FFB0954C24A9808F10 /* TSLocationManager.framework in Frameworks */ = {isa = PBXBuildFile; fileRef = 5451813E62C34DB8BC865CD9 /* TSLocationManager.framework */; };
		9CF793518A314C749AC599FA /* CDVDevice.m in Sources */ = {isa = PBXBuildFile; fileRef = 74B54D0A8AB0437D914B8FAA /* CDVDevice.m */; };
		DCB6C8764FF442439CBC3AAA /* APPBackgroundMode.m in Sources */ = {isa = PBXBuildFile; fileRef = 7326506308F9443FA3FECC93 /* APPBackgroundMode.m */; };
		7272C4B486A6418EBFD2FFE5 /* appbeep.wav in Resources */ = {isa = PBXBuildFile; fileRef = F9C4AEFCC11E486D898ACA5D /* appbeep.wav */; };
		61810DC4012641E7935CB831 /* CDVBattery.m in Sources */ = {isa = PBXBuildFile; fileRef = E66993E1338B4EF3BC6894A9 /* CDVBattery.m */; };
		4025C69BE3DA4886B5D83C63 /* UIImage+CropScaleOrientation.m in Sources */ = {isa = PBXBuildFile; fileRef = 9A8C1275BD5A49C0AE495AA5 /* UIImage+CropScaleOrientation.m */; };
		14A51E30352C4CB3912B85EA /* CDVCamera.m in Sources */ = {isa = PBXBuildFile; fileRef = 6EA53E6B3A174FD695674F83 /* CDVCamera.m */; };
		15B4EE1E3A704A0F9672A1C6 /* CDVJpegHeaderWriter.m in Sources */ = {isa = PBXBuildFile; fileRef = D1B53EC17FD24D99A59D24CF /* CDVJpegHeaderWriter.m */; };
		59BEBEB50BC6414D8D7FA983 /* ImageIO.framework in Frameworks */ = {isa = PBXBuildFile; fileRef = 044CF05FD0A04D8B84098B7E /* ImageIO.framework */; settings = {ATTRIBUTES = (Weak, ); }; };
		4125DC585A2B42E58F2A6EE3 /* CoreLocation.framework in Frameworks */ = {isa = PBXBuildFile; fileRef = 9A7994BBED60475DB949A36B /* CoreLocation.framework */; };
		BE025B7AF4E14E0D804A05EB /* CDVLogger.m in Sources */ = {isa = PBXBuildFile; fileRef = 911786EA8B614407B83D5E1D /* CDVLogger.m */; };
		7A268FC0CA754A23B4455AFD /* CDVContacts.m in Sources */ = {isa = PBXBuildFile; fileRef = CB0952A6AEDC48678E74244B /* CDVContacts.m */; };
		D855C5682806493097EACEED /* CDVContact.m in Sources */ = {isa = PBXBuildFile; fileRef = 1A30E24F377E4B15B0D34B5A /* CDVContact.m */; };
		E101D4467E72403C96A6A83B /* AddressBook.framework in Frameworks */ = {isa = PBXBuildFile; fileRef = D549E03468834766915BEE27 /* AddressBook.framework */; settings = {ATTRIBUTES = (Weak, ); }; };
		199B608B66F7433CB63F0DED /* AddressBookUI.framework in Frameworks */ = {isa = PBXBuildFile; fileRef = E554736D964E4027B31077DA /* AddressBookUI.framework */; settings = {ATTRIBUTES = (Weak, ); }; };
		439DA723735E41D5B55ED335 /* CDVAccelerometer.m in Sources */ = {isa = PBXBuildFile; fileRef = 6693683CC747497386718CA5 /* CDVAccelerometer.m */; };
		BE4D8DC50A844EFFB57986D8 /* CoreMotion.framework in Frameworks */ = {isa = PBXBuildFile; fileRef = 95E07A1DD9A344928DBBA0D4 /* CoreMotion.framework */; };
		A73F3A8A6CD6469FB4FB84CF /* CDVCompass.m in Sources */ = {isa = PBXBuildFile; fileRef = 57BE8F0D95E94736AC9FD0A3 /* CDVCompass.m */; };
		8A48807B73D64FCF82327953 /* CDVFile.m in Sources */ = {isa = PBXBuildFile; fileRef = 2384CCD864054BCC86B9194D /* CDVFile.m */; };
		E561A4C23F834F6DA47ED814 /* CDVLocalFilesystem.m in Sources */ = {isa = PBXBuildFile; fileRef = D327C0692F834BE7A7338C21 /* CDVLocalFilesystem.m */; };
		3F54FC3F3D1D4F06B8CD4155 /* CDVAssetLibraryFilesystem.m in Sources */ = {isa = PBXBuildFile; fileRef = 267F25A039AB46078BCA0137 /* CDVAssetLibraryFilesystem.m */; };
		FB6BD0DDA61C4E1DA00B2AC5 /* CDVFileTransfer.m in Sources */ = {isa = PBXBuildFile; fileRef = 5C4810AE6BB04C6292DD654D /* CDVFileTransfer.m */; };
		267B973700E24C56ACA49DEE /* CDVLocation.m in Sources */ = {isa = PBXBuildFile; fileRef = 33B4D85029FD48E6AAA33E93 /* CDVLocation.m */; };
		91A2DFED3CB14022927BF86F /* CDVGlobalization.m in Sources */ = {isa = PBXBuildFile; fileRef = DC638752238747309D9E03EE /* CDVGlobalization.m */; };
/* End PBXBuildFile section */

/* Begin PBXContainerItemProxy section */
		301BF534109A57CC0062928A /* PBXContainerItemProxy */ = {
			isa = PBXContainerItemProxy;
			containerPortal = 301BF52D109A57CC0062928A /* CordovaLib.xcodeproj */;
			proxyType = 2;
			remoteGlobalIDString = D2AAC07E0554694100DB518D;
			remoteInfo = CordovaLib;
		};
		301BF550109A68C00062928A /* PBXContainerItemProxy */ = {
			isa = PBXContainerItemProxy;
			containerPortal = 301BF52D109A57CC0062928A /* CordovaLib.xcodeproj */;
			proxyType = 1;
			remoteGlobalIDString = D2AAC07D0554694100DB518D;
			remoteInfo = CordovaLib;
		};
/* End PBXContainerItemProxy section */

/* Begin PBXFileReference section */
		0207DA571B56EA530066E2B4 /* Images.xcassets */ = {isa = PBXFileReference; lastKnownFileType = folder.assetcatalog; name = Images.xcassets; path = "Hello World/Images.xcassets"; sourceTree = SOURCE_ROOT; };
		1D3623240D0F684500981E51 /* AppDelegate.h */ = {isa = PBXFileReference; fileEncoding = 4; lastKnownFileType = sourcecode.c.h; path = AppDelegate.h; sourceTree = "<group>"; };
		1D3623250D0F684500981E51 /* AppDelegate.m */ = {isa = PBXFileReference; fileEncoding = 4; lastKnownFileType = sourcecode.c.objc; path = AppDelegate.m; sourceTree = "<group>"; };
		1D6058910D05DD3D006BFB54 /* Hello World.app */ = {isa = PBXFileReference; explicitFileType = wrapper.application; includeInIndex = 0; path = "Hello World.app"; sourceTree = BUILT_PRODUCTS_DIR; };
		29B97316FDCFA39411CA2CEA /* main.m */ = {isa = PBXFileReference; fileEncoding = 4; lastKnownFileType = sourcecode.c.objc; path = main.m; sourceTree = "<group>"; };
		301BF52D109A57CC0062928A /* CordovaLib.xcodeproj */ = {isa = PBXFileReference; lastKnownFileType = "wrapper.pb-project"; name = CordovaLib.xcodeproj; path = CordovaLib/CordovaLib.xcodeproj; sourceTree = "<group>"; };
		301BF56E109A69640062928A /* www */ = {isa = PBXFileReference; lastKnownFileType = folder; path = www; sourceTree = SOURCE_ROOT; };
		302D95EE14D2391D003F00A1 /* MainViewController.h */ = {isa = PBXFileReference; fileEncoding = 4; lastKnownFileType = sourcecode.c.h; path = MainViewController.h; sourceTree = "<group>"; };
		302D95EF14D2391D003F00A1 /* MainViewController.m */ = {isa = PBXFileReference; fileEncoding = 4; lastKnownFileType = sourcecode.c.objc; path = MainViewController.m; sourceTree = "<group>"; };
		302D95F014D2391D003F00A1 /* MainViewController.xib */ = {isa = PBXFileReference; fileEncoding = 4; lastKnownFileType = file.xib; path = MainViewController.xib; sourceTree = "<group>"; };
		3047A50F1AB8059700498E2A /* build-debug.xcconfig */ = {isa = PBXFileReference; fileEncoding = 4; lastKnownFileType = text.xcconfig; name = "build-debug.xcconfig"; path = cordova/build-debug.xcconfig; sourceTree = SOURCE_ROOT; };
		3047A5101AB8059700498E2A /* build-release.xcconfig */ = {isa = PBXFileReference; fileEncoding = 4; lastKnownFileType = text.xcconfig; name = "build-release.xcconfig"; path = cordova/build-release.xcconfig; sourceTree = SOURCE_ROOT; };
		3047A5111AB8059700498E2A /* build.xcconfig */ = {isa = PBXFileReference; fileEncoding = 4; lastKnownFileType = text.xcconfig; name = build.xcconfig; path = cordova/build.xcconfig; sourceTree = SOURCE_ROOT; };
		32CA4F630368D1EE00C91783 /* Hello World-Prefix.pch */ = {isa = PBXFileReference; fileEncoding = 4; lastKnownFileType = sourcecode.c.h; path = "Hello World-Prefix.pch"; sourceTree = "<group>"; };
		6AFF5BF81D6E424B00AB3073 /* CDVLaunchScreen.storyboard */ = {isa = PBXFileReference; fileEncoding = 4; lastKnownFileType = file.storyboard; name = CDVLaunchScreen.storyboard; path = "Hello World/CDVLaunchScreen.storyboard"; sourceTree = SOURCE_ROOT; };
		8D1107310486CEB800E47090 /* Hello World-Info.plist */ = {isa = PBXFileReference; fileEncoding = 4; lastKnownFileType = text.plist.xml; name = "Hello World-Info.plist"; path = "Hello World/Hello World-Info.plist"; plistStructureDefinitionIdentifier = "com.apple.xcode.plist.structure-definition.iphone.info-plist"; sourceTree = SOURCE_ROOT; };
		EB87FDF31871DA8E0020F90C /* www */ = {isa = PBXFileReference; lastKnownFileType = folder; name = www; path = ../../www; sourceTree = "<group>"; };
		EB87FDF41871DAF40020F90C /* config.xml */ = {isa = PBXFileReference; lastKnownFileType = text.xml; name = config.xml; path = ../../config.xml; sourceTree = "<group>"; };
		F840E1F0165FE0F500CFE078 /* config.xml */ = {isa = PBXFileReference; lastKnownFileType = text.xml; name = config.xml; path = "Hello World/config.xml"; sourceTree = "<group>"; };
		ED33DF2A687741AEAF9F8254 /* Bridging-Header.h */ = {isa = PBXFileReference; fileEncoding = 4; lastKnownFileType = sourcecode.c.h; name = "Bridging-Header.h"; path = "Bridging-Header.h"; sourceTree = "<group>"; };
		DADE3F46E14548D0804B80C3 /* TCPlugin.m */ = {isa = PBXFileReference; name = "TCPlugin.m"; path = "com.phonegap.plugins.twilioclient/TCPlugin.m"; sourceTree = "<group>"; fileEncoding = 4; lastKnownFileType = sourcecode.c.objc; explicitFileType = undefined; includeInIndex = 0; };
		E3DEEEB635AF409A9DD48D3A /* TCPlugin.h */ = {isa = PBXFileReference; name = "TCPlugin.h"; path = "com.phonegap.plugins.twilioclient/TCPlugin.h"; sourceTree = "<group>"; fileEncoding = 4; lastKnownFileType = sourcecode.c.h; explicitFileType = undefined; includeInIndex = 0; };
		2A443276C97745B19D59F023 /* AudioToolbox.framework */ = {isa = PBXFileReference; name = "AudioToolbox.framework"; path = "System/Library/Frameworks/AudioToolbox.framework"; sourceTree = SDKROOT; fileEncoding = undefined; lastKnownFileType = wrapper.framework; explicitFileType = undefined; includeInIndex = 0; };
		E7352786824049F7AC7C8AAC /* AVFoundation.framework */ = {isa = PBXFileReference; name = "AVFoundation.framework"; path = "System/Library/Frameworks/AVFoundation.framework"; sourceTree = SDKROOT; fileEncoding = undefined; lastKnownFileType = wrapper.framework; explicitFileType = undefined; includeInIndex = 0; };
		78A3874500F445798DF4C7F1 /* CFNetwork.framework */ = {isa = PBXFileReference; name = "CFNetwork.framework"; path = "System/Library/Frameworks/CFNetwork.framework"; sourceTree = SDKROOT; fileEncoding = undefined; lastKnownFileType = wrapper.framework; explicitFileType = undefined; includeInIndex = 0; };
		061BECE8CEF742318DD575D1 /* SystemConfiguration.framework */ = {isa = PBXFileReference; name = "SystemConfiguration.framework"; path = "System/Library/Frameworks/SystemConfiguration.framework"; sourceTree = SDKROOT; fileEncoding = undefined; lastKnownFileType = wrapper.framework; explicitFileType = undefined; includeInIndex = 0; };
		5F7E88933A2F423DA2BD5E5A /* CDVNotification.m */ = {isa = PBXFileReference; name = "CDVNotification.m"; path = "cordova-plugin-dialogs/CDVNotification.m"; sourceTree = "<group>"; fileEncoding = 4; lastKnownFileType = sourcecode.c.objc; explicitFileType = undefined; includeInIndex = 0; };
		9D5F29C87C704CE597BC5CF6 /* CDVNotification.h */ = {isa = PBXFileReference; name = "CDVNotification.h"; path = "cordova-plugin-dialogs/CDVNotification.h"; sourceTree = "<group>"; fileEncoding = 4; lastKnownFileType = sourcecode.c.h; explicitFileType = undefined; includeInIndex = 0; };
		65259BA2F0DA4A9B9D017DF8 /* CDVNotification.bundle */ = {isa = PBXFileReference; name = "CDVNotification.bundle"; path = "CDVNotification.bundle"; sourceTree = "<group>"; fileEncoding = undefined; lastKnownFileType = wrapper.plug-in; explicitFileType = undefined; includeInIndex = 0; };
		FC124BB33E5C40A99311AB9A /* CDVBackgroundFetch.m */ = {isa = PBXFileReference; name = "CDVBackgroundFetch.m"; path = "cordova-plugin-background-fetch/CDVBackgroundFetch.m"; sourceTree = "<group>"; fileEncoding = 4; lastKnownFileType = sourcecode.c.objc; explicitFileType = undefined; includeInIndex = 0; };
		2ED109A9CF1E4920A83213D0 /* CDVBackgroundFetch.h */ = {isa = PBXFileReference; name = "CDVBackgroundFetch.h"; path = "cordova-plugin-background-fetch/CDVBackgroundFetch.h"; sourceTree = "<group>"; fileEncoding = 4; lastKnownFileType = sourcecode.c.h; explicitFileType = undefined; includeInIndex = 0; };
		D25F4F8FC669490B8835D862 /* TSBackgroundFetch.framework */ = {isa = PBXFileReference; name = "TSBackgroundFetch.framework"; path = "Hello World/Plugins/cordova-plugin-background-fetch/TSBackgroundFetch.framework"; sourceTree = "<group>"; fileEncoding = undefined; lastKnownFileType = wrapper.framework; explicitFileType = undefined; includeInIndex = 0; };
		521E3DD90E91469AB776DD99 /* libCocoaLumberjack.a */ = {isa = PBXFileReference; name = "libCocoaLumberjack.a"; path = "Hello World/Plugins/cordova-plugin-cocoalumberjack/libCocoaLumberjack.a"; sourceTree = "<group>"; fileEncoding = undefined; lastKnownFileType = archive.ar; explicitFileType = undefined; includeInIndex = 0; };
		8AE3B3B03C0146D3990E41BA /* CDVBackgroundGeolocation.m */ = {isa = PBXFileReference; name = "CDVBackgroundGeolocation.m"; path = "com.transistorsoft.cordova.background-geolocation/CDVBackgroundGeolocation.m"; sourceTree = "<group>"; fileEncoding = 4; lastKnownFileType = sourcecode.c.objc; explicitFileType = undefined; includeInIndex = 0; };
		8E5B8478FA634D55B9A2DA4E /* CDVBackgroundGeolocation.h */ = {isa = PBXFileReference; name = "CDVBackgroundGeolocation.h"; path = "com.transistorsoft.cordova.background-geolocation/CDVBackgroundGeolocation.h"; sourceTree = "<group>"; fileEncoding = 4; lastKnownFileType = sourcecode.c.h; explicitFileType = undefined; includeInIndex = 0; };
		6BCA8FCA0ABC42D7A74B86E6 /* libsqlite3.dylib */ = {isa = PBXFileReference; name = "libsqlite3.dylib"; path = "usr/lib/libsqlite3.dylib"; sourceTree = SDKROOT; fileEncoding = undefined; lastKnownFileType = compiled.mach-o.dylib; explicitFileType = undefined; includeInIndex = 0; };
		5451813E62C34DB8BC865CD9 /* TSLocationManager.framework */ = {isa = PBXFileReference; name = "TSLocationManager.framework"; path = "Hello World/Plugins/com.transistorsoft.cordova.background-geolocation/TSLocationManager.framework"; sourceTree = "<group>"; fileEncoding = undefined; lastKnownFileType = wrapper.framework; explicitFileType = undefined; includeInIndex = 0; };
		74B54D0A8AB0437D914B8FAA /* CDVDevice.m */ = {isa = PBXFileReference; name = "CDVDevice.m"; path = "cordova-plugin-device/CDVDevice.m"; sourceTree = "<group>"; fileEncoding = 4; lastKnownFileType = sourcecode.c.objc; explicitFileType = undefined; includeInIndex = 0; };
		169EA4901D9F42C6985B0D9A /* CDVDevice.h */ = {isa = PBXFileReference; name = "CDVDevice.h"; path = "cordova-plugin-device/CDVDevice.h"; sourceTree = "<group>"; fileEncoding = 4; lastKnownFileType = sourcecode.c.h; explicitFileType = undefined; includeInIndex = 0; };
		7326506308F9443FA3FECC93 /* APPBackgroundMode.m */ = {isa = PBXFileReference; name = "APPBackgroundMode.m"; path = "cordova-plugin-background-mode/APPBackgroundMode.m"; sourceTree = "<group>"; fileEncoding = 4; lastKnownFileType = sourcecode.c.objc; explicitFileType = undefined; includeInIndex = 0; };
		D1CC5ED2D9F548E3A6F814BE /* APPBackgroundMode.h */ = {isa = PBXFileReference; name = "APPBackgroundMode.h"; path = "cordova-plugin-background-mode/APPBackgroundMode.h"; sourceTree = "<group>"; fileEncoding = 4; lastKnownFileType = sourcecode.c.h; explicitFileType = undefined; includeInIndex = 0; };
		F9C4AEFCC11E486D898ACA5D /* appbeep.wav */ = {isa = PBXFileReference; name = "appbeep.wav"; path = "appbeep.wav"; sourceTree = "<group>"; fileEncoding = undefined; lastKnownFileType = unknown; explicitFileType = undefined; includeInIndex = 0; };
		E66993E1338B4EF3BC6894A9 /* CDVBattery.m */ = {isa = PBXFileReference; name = "CDVBattery.m"; path = "cordova-plugin-battery-status/CDVBattery.m"; sourceTree = "<group>"; fileEncoding = 4; lastKnownFileType = sourcecode.c.objc; explicitFileType = undefined; includeInIndex = 0; };
		6894DDFA98E141388A52C81A /* CDVBattery.h */ = {isa = PBXFileReference; name = "CDVBattery.h"; path = "cordova-plugin-battery-status/CDVBattery.h"; sourceTree = "<group>"; fileEncoding = 4; lastKnownFileType = sourcecode.c.h; explicitFileType = undefined; includeInIndex = 0; };
		9A8C1275BD5A49C0AE495AA5 /* UIImage+CropScaleOrientation.m */ = {isa = PBXFileReference; name = "UIImage+CropScaleOrientation.m"; path = "cordova-plugin-camera/UIImage+CropScaleOrientation.m"; sourceTree = "<group>"; fileEncoding = 4; lastKnownFileType = sourcecode.c.objc; explicitFileType = undefined; includeInIndex = 0; };
		6EA53E6B3A174FD695674F83 /* CDVCamera.m */ = {isa = PBXFileReference; name = "CDVCamera.m"; path = "cordova-plugin-camera/CDVCamera.m"; sourceTree = "<group>"; fileEncoding = 4; lastKnownFileType = sourcecode.c.objc; explicitFileType = undefined; includeInIndex = 0; };
		D1B53EC17FD24D99A59D24CF /* CDVJpegHeaderWriter.m */ = {isa = PBXFileReference; name = "CDVJpegHeaderWriter.m"; path = "cordova-plugin-camera/CDVJpegHeaderWriter.m"; sourceTree = "<group>"; fileEncoding = 4; lastKnownFileType = sourcecode.c.objc; explicitFileType = undefined; includeInIndex = 0; };
		B08C67F7013B4A9D889FD11A /* UIImage+CropScaleOrientation.h */ = {isa = PBXFileReference; name = "UIImage+CropScaleOrientation.h"; path = "cordova-plugin-camera/UIImage+CropScaleOrientation.h"; sourceTree = "<group>"; fileEncoding = 4; lastKnownFileType = sourcecode.c.h; explicitFileType = undefined; includeInIndex = 0; };
		248F78B8EFE741DA85F74D53 /* CDVCamera.h */ = {isa = PBXFileReference; name = "CDVCamera.h"; path = "cordova-plugin-camera/CDVCamera.h"; sourceTree = "<group>"; fileEncoding = 4; lastKnownFileType = sourcecode.c.h; explicitFileType = undefined; includeInIndex = 0; };
		F44ED02FBBEB46C8AF7A382D /* CDVJpegHeaderWriter.h */ = {isa = PBXFileReference; name = "CDVJpegHeaderWriter.h"; path = "cordova-plugin-camera/CDVJpegHeaderWriter.h"; sourceTree = "<group>"; fileEncoding = 4; lastKnownFileType = sourcecode.c.h; explicitFileType = undefined; includeInIndex = 0; };
		C145885CB356434080D84AE0 /* CDVExif.h */ = {isa = PBXFileReference; name = "CDVExif.h"; path = "cordova-plugin-camera/CDVExif.h"; sourceTree = "<group>"; fileEncoding = 4; lastKnownFileType = sourcecode.c.h; explicitFileType = undefined; includeInIndex = 0; };
		044CF05FD0A04D8B84098B7E /* ImageIO.framework */ = {isa = PBXFileReference; name = "ImageIO.framework"; path = "System/Library/Frameworks/ImageIO.framework"; sourceTree = SDKROOT; fileEncoding = undefined; lastKnownFileType = wrapper.framework; explicitFileType = undefined; includeInIndex = 0; };
		9A7994BBED60475DB949A36B /* CoreLocation.framework */ = {isa = PBXFileReference; name = "CoreLocation.framework"; path = "System/Library/Frameworks/CoreLocation.framework"; sourceTree = SDKROOT; fileEncoding = undefined; lastKnownFileType = wrapper.framework; explicitFileType = undefined; includeInIndex = 0; };
		911786EA8B614407B83D5E1D /* CDVLogger.m */ = {isa = PBXFileReference; name = "CDVLogger.m"; path = "cordova-plugin-console/CDVLogger.m"; sourceTree = "<group>"; fileEncoding = 4; lastKnownFileType = sourcecode.c.objc; explicitFileType = undefined; includeInIndex = 0; };
		943DEAAE36F24866AE5A49E7 /* CDVLogger.h */ = {isa = PBXFileReference; name = "CDVLogger.h"; path = "cordova-plugin-console/CDVLogger.h"; sourceTree = "<group>"; fileEncoding = 4; lastKnownFileType = sourcecode.c.h; explicitFileType = undefined; includeInIndex = 0; };
		CB0952A6AEDC48678E74244B /* CDVContacts.m */ = {isa = PBXFileReference; name = "CDVContacts.m"; path = "cordova-plugin-contacts/CDVContacts.m"; sourceTree = "<group>"; fileEncoding = 4; lastKnownFileType = sourcecode.c.objc; explicitFileType = undefined; includeInIndex = 0; };
		1A30E24F377E4B15B0D34B5A /* CDVContact.m */ = {isa = PBXFileReference; name = "CDVContact.m"; path = "cordova-plugin-contacts/CDVContact.m"; sourceTree = "<group>"; fileEncoding = 4; lastKnownFileType = sourcecode.c.objc; explicitFileType = undefined; includeInIndex = 0; };
		CB79D8D012C7431A8AB34E75 /* CDVContacts.h */ = {isa = PBXFileReference; name = "CDVContacts.h"; path = "cordova-plugin-contacts/CDVContacts.h"; sourceTree = "<group>"; fileEncoding = 4; lastKnownFileType = sourcecode.c.h; explicitFileType = undefined; includeInIndex = 0; };
		3D72C0BC6EC44E82BBF50B1A /* CDVContact.h */ = {isa = PBXFileReference; name = "CDVContact.h"; path = "cordova-plugin-contacts/CDVContact.h"; sourceTree = "<group>"; fileEncoding = 4; lastKnownFileType = sourcecode.c.h; explicitFileType = undefined; includeInIndex = 0; };
		D549E03468834766915BEE27 /* AddressBook.framework */ = {isa = PBXFileReference; name = "AddressBook.framework"; path = "System/Library/Frameworks/AddressBook.framework"; sourceTree = SDKROOT; fileEncoding = undefined; lastKnownFileType = wrapper.framework; explicitFileType = undefined; includeInIndex = 0; };
		E554736D964E4027B31077DA /* AddressBookUI.framework */ = {isa = PBXFileReference; name = "AddressBookUI.framework"; path = "System/Library/Frameworks/AddressBookUI.framework"; sourceTree = SDKROOT; fileEncoding = undefined; lastKnownFileType = wrapper.framework; explicitFileType = undefined; includeInIndex = 0; };
		6693683CC747497386718CA5 /* CDVAccelerometer.m */ = {isa = PBXFileReference; name = "CDVAccelerometer.m"; path = "cordova-plugin-device-motion/CDVAccelerometer.m"; sourceTree = "<group>"; fileEncoding = 4; lastKnownFileType = sourcecode.c.objc; explicitFileType = undefined; includeInIndex = 0; };
		AA6C3B309136401488304111 /* CDVAccelerometer.h */ = {isa = PBXFileReference; name = "CDVAccelerometer.h"; path = "cordova-plugin-device-motion/CDVAccelerometer.h"; sourceTree = "<group>"; fileEncoding = 4; lastKnownFileType = sourcecode.c.h; explicitFileType = undefined; includeInIndex = 0; };
		95E07A1DD9A344928DBBA0D4 /* CoreMotion.framework */ = {isa = PBXFileReference; name = "CoreMotion.framework"; path = "System/Library/Frameworks/CoreMotion.framework"; sourceTree = SDKROOT; fileEncoding = undefined; lastKnownFileType = wrapper.framework; explicitFileType = undefined; includeInIndex = 0; };
		57BE8F0D95E94736AC9FD0A3 /* CDVCompass.m */ = {isa = PBXFileReference; name = "CDVCompass.m"; path = "cordova-plugin-device-orientation/CDVCompass.m"; sourceTree = "<group>"; fileEncoding = 4; lastKnownFileType = sourcecode.c.objc; explicitFileType = undefined; includeInIndex = 0; };
		DE86F5BD64BF4151BEB4E7C6 /* CDVCompass.h */ = {isa = PBXFileReference; name = "CDVCompass.h"; path = "cordova-plugin-device-orientation/CDVCompass.h"; sourceTree = "<group>"; fileEncoding = 4; lastKnownFileType = sourcecode.c.h; explicitFileType = undefined; includeInIndex = 0; };
		2384CCD864054BCC86B9194D /* CDVFile.m */ = {isa = PBXFileReference; name = "CDVFile.m"; path = "cordova-plugin-file/CDVFile.m"; sourceTree = "<group>"; fileEncoding = 4; lastKnownFileType = sourcecode.c.objc; explicitFileType = undefined; includeInIndex = 0; };
		D327C0692F834BE7A7338C21 /* CDVLocalFilesystem.m */ = {isa = PBXFileReference; name = "CDVLocalFilesystem.m"; path = "cordova-plugin-file/CDVLocalFilesystem.m"; sourceTree = "<group>"; fileEncoding = 4; lastKnownFileType = sourcecode.c.objc; explicitFileType = undefined; includeInIndex = 0; };
		267F25A039AB46078BCA0137 /* CDVAssetLibraryFilesystem.m */ = {isa = PBXFileReference; name = "CDVAssetLibraryFilesystem.m"; path = "cordova-plugin-file/CDVAssetLibraryFilesystem.m"; sourceTree = "<group>"; fileEncoding = 4; lastKnownFileType = sourcecode.c.objc; explicitFileType = undefined; includeInIndex = 0; };
		33E2710EFB424C3D9E3FD70E /* CDVFile.h */ = {isa = PBXFileReference; name = "CDVFile.h"; path = "cordova-plugin-file/CDVFile.h"; sourceTree = "<group>"; fileEncoding = 4; lastKnownFileType = sourcecode.c.h; explicitFileType = undefined; includeInIndex = 0; };
		05D479A6B097453892D41FC1 /* CDVLocalFilesystem.h */ = {isa = PBXFileReference; name = "CDVLocalFilesystem.h"; path = "cordova-plugin-file/CDVLocalFilesystem.h"; sourceTree = "<group>"; fileEncoding = 4; lastKnownFileType = sourcecode.c.h; explicitFileType = undefined; includeInIndex = 0; };
		C79C4416AC7048A4BAEF2035 /* CDVAssetLibraryFilesystem.h */ = {isa = PBXFileReference; name = "CDVAssetLibraryFilesystem.h"; path = "cordova-plugin-file/CDVAssetLibraryFilesystem.h"; sourceTree = "<group>"; fileEncoding = 4; lastKnownFileType = sourcecode.c.h; explicitFileType = undefined; includeInIndex = 0; };
		5C4810AE6BB04C6292DD654D /* CDVFileTransfer.m */ = {isa = PBXFileReference; name = "CDVFileTransfer.m"; path = "cordova-plugin-file-transfer/CDVFileTransfer.m"; sourceTree = "<group>"; fileEncoding = 4; lastKnownFileType = sourcecode.c.objc; explicitFileType = undefined; includeInIndex = 0; };
		2BD0597952644DC99C4019F5 /* CDVFileTransfer.h */ = {isa = PBXFileReference; name = "CDVFileTransfer.h"; path = "cordova-plugin-file-transfer/CDVFileTransfer.h"; sourceTree = "<group>"; fileEncoding = 4; lastKnownFileType = sourcecode.c.h; explicitFileType = undefined; includeInIndex = 0; };
		33B4D85029FD48E6AAA33E93 /* CDVLocation.m */ = {isa = PBXFileReference; name = "CDVLocation.m"; path = "cordova-plugin-geolocation/CDVLocation.m"; sourceTree = "<group>"; fileEncoding = 4; lastKnownFileType = sourcecode.c.objc; explicitFileType = undefined; includeInIndex = 0; };
		F97C1C601A7C496A848A6CB3 /* CDVLocation.h */ = {isa = PBXFileReference; name = "CDVLocation.h"; path = "cordova-plugin-geolocation/CDVLocation.h"; sourceTree = "<group>"; fileEncoding = 4; lastKnownFileType = sourcecode.c.h; explicitFileType = undefined; includeInIndex = 0; };
		DC638752238747309D9E03EE /* CDVGlobalization.m */ = {isa = PBXFileReference; name = "CDVGlobalization.m"; path = "cordova-plugin-globalization/CDVGlobalization.m"; sourceTree = "<group>"; fileEncoding = 4; lastKnownFileType = sourcecode.c.objc; explicitFileType = undefined; includeInIndex = 0; };
		F20D1E7793844884B4F02BA1 /* CDVGlobalization.h */ = {isa = PBXFileReference; name = "CDVGlobalization.h"; path = "cordova-plugin-globalization/CDVGlobalization.h"; sourceTree = "<group>"; fileEncoding = 4; lastKnownFileType = sourcecode.c.h; explicitFileType = undefined; includeInIndex = 0; };
/* End PBXFileReference section */

/* Begin PBXFrameworksBuildPhase section */
		1D60588F0D05DD3D006BFB54 /* Frameworks */ = {
			isa = PBXFrameworksBuildPhase;
			buildActionMask = 2147483647;
			files = (
				301BF552109A68D80062928A /* libCordova.a in Frameworks */,
				6454F38AC4E94756AC7B2622 /* AudioToolbox.framework in Frameworks */,
				6EA0943396C94E718D16C727 /* AVFoundation.framework in Frameworks */,
				519AFD87E9BD4F67ACB2F8B9 /* CFNetwork.framework in Frameworks */,
				1D315593E71B4A57880818B2 /* SystemConfiguration.framework in Frameworks */,
				A7700343F4764BF69BC3C1D2 /* TSBackgroundFetch.framework in Frameworks */,
				21FAAAF18793488C83D81469 /* libCocoaLumberjack.a in Frameworks */,
				18DEFFF74508466A80E5A25F /* libsqlite3.dylib in Frameworks */,
				202981FFB0954C24A9808F10 /* TSLocationManager.framework in Frameworks */,
				59BEBEB50BC6414D8D7FA983 /* ImageIO.framework in Frameworks */,
				4125DC585A2B42E58F2A6EE3 /* CoreLocation.framework in Frameworks */,
				E101D4467E72403C96A6A83B /* AddressBook.framework in Frameworks */,
				199B608B66F7433CB63F0DED /* AddressBookUI.framework in Frameworks */,
				BE4D8DC50A844EFFB57986D8 /* CoreMotion.framework in Frameworks */,
			);
			runOnlyForDeploymentPostprocessing = 0;
		};
/* End PBXFrameworksBuildPhase section */

/* Begin PBXGroup section */
		080E96DDFE201D6D7F000001 /* Classes */ = {
			isa = PBXGroup;
			children = (
				302D95EE14D2391D003F00A1 /* MainViewController.h */,
				302D95EF14D2391D003F00A1 /* MainViewController.m */,
				302D95F014D2391D003F00A1 /* MainViewController.xib */,
				1D3623240D0F684500981E51 /* AppDelegate.h */,
				1D3623250D0F684500981E51 /* AppDelegate.m */,
			);
			name = Classes;
			path = "Hello World/Classes";
			sourceTree = SOURCE_ROOT;
		};
		19C28FACFE9D520D11CA2CBB /* Products */ = {
			isa = PBXGroup;
			children = (
				1D6058910D05DD3D006BFB54 /* Hello World.app */,
			);
			name = Products;
			sourceTree = "<group>";
		};
		29B97314FDCFA39411CA2CEA /* CustomTemplate */ = {
			isa = PBXGroup;
			children = (
				EB87FDF41871DAF40020F90C /* config.xml */,
				EB87FDF31871DA8E0020F90C /* www */,
				EB87FDF11871DA420020F90C /* Staging */,
				301BF52D109A57CC0062928A /* CordovaLib.xcodeproj */,
				080E96DDFE201D6D7F000001 /* Classes */,
				307C750510C5A3420062BCA9 /* Plugins */,
				29B97315FDCFA39411CA2CEA /* Other Sources */,
				29B97317FDCFA39411CA2CEA /* Resources */,
				29B97323FDCFA39411CA2CEA /* Frameworks */,
				19C28FACFE9D520D11CA2CBB /* Products */,
			);
			name = CustomTemplate;
			sourceTree = "<group>";
		};
		29B97315FDCFA39411CA2CEA /* Other Sources */ = {
			isa = PBXGroup;
			children = (
				32CA4F630368D1EE00C91783 /* Hello World-Prefix.pch */,
				29B97316FDCFA39411CA2CEA /* main.m */,
				ED33DF2A687741AEAF9F8254 /* Bridging-Header.h */,
			);
			name = "Other Sources";
			path = "Hello World";
			sourceTree = "<group>";
		};
		29B97317FDCFA39411CA2CEA /* Resources */ = {
			isa = PBXGroup;
			children = (
				0207DA571B56EA530066E2B4 /* Images.xcassets */,
				3047A50E1AB8057F00498E2A /* config */,
				8D1107310486CEB800E47090 /* Hello World-Info.plist */,
				6AFF5BF81D6E424B00AB3073 /* CDVLaunchScreen.storyboard */,
				65259BA2F0DA4A9B9D017DF8 /* CDVNotification.bundle */,
				F9C4AEFCC11E486D898ACA5D /* appbeep.wav */,
			);
			name = Resources;
			path = "Hello World/Resources";
			sourceTree = "<group>";
		};
		29B97323FDCFA39411CA2CEA /* Frameworks */ = {
			isa = PBXGroup;
			children = (
				2A443276C97745B19D59F023 /* AudioToolbox.framework */,
				E7352786824049F7AC7C8AAC /* AVFoundation.framework */,
				78A3874500F445798DF4C7F1 /* CFNetwork.framework */,
				061BECE8CEF742318DD575D1 /* SystemConfiguration.framework */,
				D25F4F8FC669490B8835D862 /* TSBackgroundFetch.framework */,
				521E3DD90E91469AB776DD99 /* libCocoaLumberjack.a */,
				6BCA8FCA0ABC42D7A74B86E6 /* libsqlite3.dylib */,
				5451813E62C34DB8BC865CD9 /* TSLocationManager.framework */,
				044CF05FD0A04D8B84098B7E /* ImageIO.framework */,
				9A7994BBED60475DB949A36B /* CoreLocation.framework */,
				D549E03468834766915BEE27 /* AddressBook.framework */,
				E554736D964E4027B31077DA /* AddressBookUI.framework */,
				95E07A1DD9A344928DBBA0D4 /* CoreMotion.framework */,
			);
			name = Frameworks;
			sourceTree = "<group>";
		};
		301BF52E109A57CC0062928A /* Products */ = {
			isa = PBXGroup;
			children = (
				301BF535109A57CC0062928A /* libCordova.a */,
			);
			name = Products;
			sourceTree = "<group>";
		};
		3047A50E1AB8057F00498E2A /* config */ = {
			isa = PBXGroup;
			children = (
				3047A50F1AB8059700498E2A /* build-debug.xcconfig */,
				3047A5101AB8059700498E2A /* build-release.xcconfig */,
				3047A5111AB8059700498E2A /* build.xcconfig */,
			);
			name = config;
			sourceTree = "<group>";
		};
		307C750510C5A3420062BCA9 /* Plugins */ = {
			isa = PBXGroup;
			children = (
				DADE3F46E14548D0804B80C3 /* TCPlugin.m */,
				E3DEEEB635AF409A9DD48D3A /* TCPlugin.h */,
				5F7E88933A2F423DA2BD5E5A /* CDVNotification.m */,
				9D5F29C87C704CE597BC5CF6 /* CDVNotification.h */,
				FC124BB33E5C40A99311AB9A /* CDVBackgroundFetch.m */,
				2ED109A9CF1E4920A83213D0 /* CDVBackgroundFetch.h */,
				8AE3B3B03C0146D3990E41BA /* CDVBackgroundGeolocation.m */,
				8E5B8478FA634D55B9A2DA4E /* CDVBackgroundGeolocation.h */,
				74B54D0A8AB0437D914B8FAA /* CDVDevice.m */,
				169EA4901D9F42C6985B0D9A /* CDVDevice.h */,
				7326506308F9443FA3FECC93 /* APPBackgroundMode.m */,
				D1CC5ED2D9F548E3A6F814BE /* APPBackgroundMode.h */,
				E66993E1338B4EF3BC6894A9 /* CDVBattery.m */,
				6894DDFA98E141388A52C81A /* CDVBattery.h */,
				9A8C1275BD5A49C0AE495AA5 /* UIImage+CropScaleOrientation.m */,
				6EA53E6B3A174FD695674F83 /* CDVCamera.m */,
				D1B53EC17FD24D99A59D24CF /* CDVJpegHeaderWriter.m */,
				B08C67F7013B4A9D889FD11A /* UIImage+CropScaleOrientation.h */,
				248F78B8EFE741DA85F74D53 /* CDVCamera.h */,
				F44ED02FBBEB46C8AF7A382D /* CDVJpegHeaderWriter.h */,
				C145885CB356434080D84AE0 /* CDVExif.h */,
				911786EA8B614407B83D5E1D /* CDVLogger.m */,
				943DEAAE36F24866AE5A49E7 /* CDVLogger.h */,
				CB0952A6AEDC48678E74244B /* CDVContacts.m */,
				1A30E24F377E4B15B0D34B5A /* CDVContact.m */,
				CB79D8D012C7431A8AB34E75 /* CDVContacts.h */,
				3D72C0BC6EC44E82BBF50B1A /* CDVContact.h */,
				6693683CC747497386718CA5 /* CDVAccelerometer.m */,
				AA6C3B309136401488304111 /* CDVAccelerometer.h */,
				57BE8F0D95E94736AC9FD0A3 /* CDVCompass.m */,
				DE86F5BD64BF4151BEB4E7C6 /* CDVCompass.h */,
				2384CCD864054BCC86B9194D /* CDVFile.m */,
				D327C0692F834BE7A7338C21 /* CDVLocalFilesystem.m */,
				267F25A039AB46078BCA0137 /* CDVAssetLibraryFilesystem.m */,
				33E2710EFB424C3D9E3FD70E /* CDVFile.h */,
				05D479A6B097453892D41FC1 /* CDVLocalFilesystem.h */,
				C79C4416AC7048A4BAEF2035 /* CDVAssetLibraryFilesystem.h */,
				5C4810AE6BB04C6292DD654D /* CDVFileTransfer.m */,
				2BD0597952644DC99C4019F5 /* CDVFileTransfer.h */,
				33B4D85029FD48E6AAA33E93 /* CDVLocation.m */,
				F97C1C601A7C496A848A6CB3 /* CDVLocation.h */,
				DC638752238747309D9E03EE /* CDVGlobalization.m */,
				F20D1E7793844884B4F02BA1 /* CDVGlobalization.h */,
			);
			name = Plugins;
			path = "Hello World/Plugins";
			sourceTree = SOURCE_ROOT;
		};
		EB87FDF11871DA420020F90C /* Staging */ = {
			isa = PBXGroup;
			children = (
				F840E1F0165FE0F500CFE078 /* config.xml */,
				301BF56E109A69640062928A /* www */,
			);
			name = Staging;
			sourceTree = "<group>";
		};
/* End PBXGroup section */

/* Begin PBXNativeTarget section */
		1D6058900D05DD3D006BFB54 /* Hello World */ = {
			isa = PBXNativeTarget;
			buildConfigurationList = 1D6058960D05DD3E006BFB54 /* Build configuration list for PBXNativeTarget "Hello World" */;
			buildPhases = (
				304B58A110DAC018002A0835 /* Copy www directory */,
				1D60588D0D05DD3D006BFB54 /* Resources */,
				1D60588E0D05DD3D006BFB54 /* Sources */,
				1D60588F0D05DD3D006BFB54 /* Frameworks */,
			);
			buildRules = (
			);
			dependencies = (
				301BF551109A68C00062928A /* PBXTargetDependency */,
			);
			name = "Hello World";
			productName = "Hello World";
			productReference = 1D6058910D05DD3D006BFB54 /* Hello World.app */;
			productType = "com.apple.product-type.application";
		};
/* End PBXNativeTarget section */

/* Begin PBXProject section */
		29B97313FDCFA39411CA2CEA /* Project object */ = {
			isa = PBXProject;
			attributes = {
				LastUpgradeCheck = 510;
			};
			buildConfigurationList = C01FCF4E08A954540054247B /* Build configuration list for PBXProject "__NON-CLI__" */;
			compatibilityVersion = "Xcode 3.2";
			developmentRegion = English;
			hasScannedForEncodings = 1;
			mainGroup = 29B97314FDCFA39411CA2CEA /* CustomTemplate */;
			projectDirPath = "";
			projectReferences = (
				{
					ProductGroup = 301BF52E109A57CC0062928A /* Products */;
					ProjectRef = 301BF52D109A57CC0062928A /* CordovaLib.xcodeproj */;
				},
			);
			projectRoot = "";
			targets = (
				1D6058900D05DD3D006BFB54 /* Hello World */,
			);
		};
/* End PBXProject section */

/* Begin PBXReferenceProxy section */
		301BF535109A57CC0062928A /* libCordova.a */ = {
			isa = PBXReferenceProxy;
			fileType = archive.ar;
			path = libCordova.a;
			remoteRef = 301BF534109A57CC0062928A /* PBXContainerItemProxy */;
			sourceTree = BUILT_PRODUCTS_DIR;
		};
/* End PBXReferenceProxy section */

/* Begin PBXResourcesBuildPhase section */
		1D60588D0D05DD3D006BFB54 /* Resources */ = {
			isa = PBXResourcesBuildPhase;
			buildActionMask = 2147483647;
			files = (
				302D95F214D2391D003F00A1 /* MainViewController.xib in Resources */,
				0207DA581B56EA530066E2B4 /* Images.xcassets in Resources */,
				6AFF5BF91D6E424B00AB3073 /* CDVLaunchScreen.storyboard in Resources */,
				60A656CA4046437CAF69F840 /* CDVNotification.bundle in Resources */,
				7272C4B486A6418EBFD2FFE5 /* appbeep.wav in Resources */,
			);
			runOnlyForDeploymentPostprocessing = 0;
		};
/* End PBXResourcesBuildPhase section */

/* Begin PBXShellScriptBuildPhase section */
		304B58A110DAC018002A0835 /* Copy www directory */ = {
			isa = PBXShellScriptBuildPhase;
			buildActionMask = 2147483647;
			files = (
			);
			inputPaths = (
			);
			name = "Copy www directory";
			outputPaths = (
			);
			runOnlyForDeploymentPostprocessing = 0;
			shellPath = /bin/sh;
			shellScript = "NODEJS_PATH=/usr/local/bin; NVM_NODE_PATH=~/.nvm/versions/node/`nvm version 2>/dev/null`/bin; N_NODE_PATH=`find /usr/local/n/versions/node/* -maxdepth 0 -type d 2>/dev/null | tail -1`/bin; XCODE_NODE_PATH=`xcode-select --print-path`/usr/share/xcs/Node/bin; PATH=$NODEJS_PATH:$NVM_NODE_PATH:$N_NODE_PATH:$XCODE_NODE_PATH:$PATH && node cordova/lib/copy-www-build-step.js";
			showEnvVarsInLog = 0;
		};
/* End PBXShellScriptBuildPhase section */

/* Begin PBXSourcesBuildPhase section */
		1D60588E0D05DD3D006BFB54 /* Sources */ = {
			isa = PBXSourcesBuildPhase;
			buildActionMask = 2147483647;
			files = (
				1D60589B0D05DD56006BFB54 /* main.m in Sources */,
				1D3623260D0F684500981E51 /* AppDelegate.m in Sources */,
				302D95F114D2391D003F00A1 /* MainViewController.m in Sources */,
				7662688DDAB0413F8284747A /* TCPlugin.m in Sources */,
				C092F71E701D417AB76EF53D /* CDVNotification.m in Sources */,
				26970FD928714F1491207D93 /* CDVBackgroundFetch.m in Sources */,
				334C1D1895744338863AD04D /* CDVBackgroundGeolocation.m in Sources */,
				9CF793518A314C749AC599FA /* CDVDevice.m in Sources */,
				DCB6C8764FF442439CBC3AAA /* APPBackgroundMode.m in Sources */,
				61810DC4012641E7935CB831 /* CDVBattery.m in Sources */,
				4025C69BE3DA4886B5D83C63 /* UIImage+CropScaleOrientation.m in Sources */,
				14A51E30352C4CB3912B85EA /* CDVCamera.m in Sources */,
				15B4EE1E3A704A0F9672A1C6 /* CDVJpegHeaderWriter.m in Sources */,
				BE025B7AF4E14E0D804A05EB /* CDVLogger.m in Sources */,
				7A268FC0CA754A23B4455AFD /* CDVContacts.m in Sources */,
				D855C5682806493097EACEED /* CDVContact.m in Sources */,
				439DA723735E41D5B55ED335 /* CDVAccelerometer.m in Sources */,
				A73F3A8A6CD6469FB4FB84CF /* CDVCompass.m in Sources */,
				8A48807B73D64FCF82327953 /* CDVFile.m in Sources */,
				E561A4C23F834F6DA47ED814 /* CDVLocalFilesystem.m in Sources */,
				3F54FC3F3D1D4F06B8CD4155 /* CDVAssetLibraryFilesystem.m in Sources */,
				FB6BD0DDA61C4E1DA00B2AC5 /* CDVFileTransfer.m in Sources */,
				267B973700E24C56ACA49DEE /* CDVLocation.m in Sources */,
				91A2DFED3CB14022927BF86F /* CDVGlobalization.m in Sources */,
			);
			runOnlyForDeploymentPostprocessing = 0;
		};
/* End PBXSourcesBuildPhase section */

/* Begin PBXTargetDependency section */
		301BF551109A68C00062928A /* PBXTargetDependency */ = {
			isa = PBXTargetDependency;
			name = CordovaLib;
			targetProxy = 301BF550109A68C00062928A /* PBXContainerItemProxy */;
		};
/* End PBXTargetDependency section */

/* Begin XCBuildConfiguration section */
		1D6058940D05DD3E006BFB54 /* Debug */ = {
			isa = XCBuildConfiguration;
			baseConfigurationReference = 3047A50F1AB8059700498E2A /* build-debug.xcconfig */;
			buildSettings = {
				ALWAYS_SEARCH_USER_PATHS = NO;
				ASSETCATALOG_COMPILER_APPICON_NAME = AppIcon;
				ASSETCATALOG_COMPILER_LAUNCHIMAGE_NAME = LaunchImage;
				CLANG_ENABLE_MODULES = YES;
				CLANG_ENABLE_OBJC_ARC = YES;
				COPY_PHASE_STRIP = NO;
				GCC_DYNAMIC_NO_PIC = NO;
				GCC_OPTIMIZATION_LEVEL = 0;
				GCC_PRECOMPILE_PREFIX_HEADER = YES;
				GCC_PREFIX_HEADER = "Hello World/Hello World-Prefix.pch";
				GCC_THUMB_SUPPORT = NO;
				GCC_VERSION = "";
				INFOPLIST_FILE = "Hello World/Hello World-Info.plist";
				IPHONEOS_DEPLOYMENT_TARGET = 8.0;
				LD_RUNPATH_SEARCH_PATHS = "@executable_path/Frameworks";
				TARGETED_DEVICE_FAMILY = "1,2";
				PRODUCT_NAME = "Hello World";
				FRAMEWORK_SEARCH_PATHS = (
					"$(inherited)",
					"\"Hello World/Plugins/cordova-plugin-background-fetch\"",
					"\"Hello World/Plugins/com.transistorsoft.cordova.background-geolocation\"",
				);
				LIBRARY_SEARCH_PATHS = (
					"$(inherited)",
					"\"$(SRCROOT)/Hello World/Plugins/cordova-plugin-cocoalumberjack\"",
				);
			};
			name = Debug;
		};
		1D6058950D05DD3E006BFB54 /* Release */ = {
			isa = XCBuildConfiguration;
			baseConfigurationReference = 3047A5101AB8059700498E2A /* build-release.xcconfig */;
			buildSettings = {
				ALWAYS_SEARCH_USER_PATHS = NO;
				ASSETCATALOG_COMPILER_APPICON_NAME = AppIcon;
				ASSETCATALOG_COMPILER_LAUNCHIMAGE_NAME = LaunchImage;
				CLANG_ENABLE_MODULES = YES;
				CLANG_ENABLE_OBJC_ARC = YES;
				COPY_PHASE_STRIP = YES;
				GCC_PRECOMPILE_PREFIX_HEADER = YES;
				GCC_PREFIX_HEADER = "Hello World/Hello World-Prefix.pch";
				GCC_THUMB_SUPPORT = NO;
				GCC_VERSION = "";
				INFOPLIST_FILE = "Hello World/Hello World-Info.plist";
				IPHONEOS_DEPLOYMENT_TARGET = 8.0;
				LD_RUNPATH_SEARCH_PATHS = "@executable_path/Frameworks";
				TARGETED_DEVICE_FAMILY = "1,2";
				PRODUCT_NAME = "Hello World";
				FRAMEWORK_SEARCH_PATHS = (
					"$(inherited)",
					"\"Hello World/Plugins/cordova-plugin-background-fetch\"",
					"\"Hello World/Plugins/com.transistorsoft.cordova.background-geolocation\"",
				);
				LIBRARY_SEARCH_PATHS = (
					"$(inherited)",
					"\"$(SRCROOT)/Hello World/Plugins/cordova-plugin-cocoalumberjack\"",
				);
			};
			name = Release;
		};
		C01FCF4F08A954540054247B /* Debug */ = {
			isa = XCBuildConfiguration;
			baseConfigurationReference = 3047A5111AB8059700498E2A /* build.xcconfig */;
			buildSettings = {
				CLANG_ENABLE_MODULES = YES;
				CLANG_ENABLE_OBJC_ARC = YES;
				CLANG_WARN_BOOL_CONVERSION = YES;
				CLANG_WARN_CONSTANT_CONVERSION = YES;
				CLANG_WARN_EMPTY_BODY = YES;
				CLANG_WARN_ENUM_CONVERSION = YES;
				CLANG_WARN_INT_CONVERSION = YES;
				CLANG_WARN__DUPLICATE_METHOD_MATCH = YES;
				GCC_C_LANGUAGE_STANDARD = c99;
				GCC_THUMB_SUPPORT = NO;
				GCC_VERSION = "";
				GCC_WARN_ABOUT_RETURN_TYPE = YES;
				GCC_WARN_UNDECLARED_SELECTOR = YES;
				GCC_WARN_UNINITIALIZED_AUTOS = YES;
				GCC_WARN_UNUSED_FUNCTION = YES;
				GCC_WARN_UNUSED_VARIABLE = YES;
				ONLY_ACTIVE_ARCH = YES;
				SDKROOT = iphoneos;
				SKIP_INSTALL = NO;
				ASSETCATALOG_COMPILER_LAUNCHIMAGE_NAME = LaunchImage;
			};
			name = Debug;
		};
		C01FCF5008A954540054247B /* Release */ = {
			isa = XCBuildConfiguration;
			baseConfigurationReference = 3047A5111AB8059700498E2A /* build.xcconfig */;
			buildSettings = {
				CLANG_ENABLE_MODULES = YES;
				CLANG_ENABLE_OBJC_ARC = YES;
				CLANG_WARN_BOOL_CONVERSION = YES;
				CLANG_WARN_CONSTANT_CONVERSION = YES;
				CLANG_WARN_EMPTY_BODY = YES;
				CLANG_WARN_ENUM_CONVERSION = YES;
				CLANG_WARN_INT_CONVERSION = YES;
				CLANG_WARN__DUPLICATE_METHOD_MATCH = YES;
				GCC_C_LANGUAGE_STANDARD = c99;
				GCC_THUMB_SUPPORT = NO;
				GCC_VERSION = "";
				GCC_WARN_ABOUT_RETURN_TYPE = YES;
				GCC_WARN_UNDECLARED_SELECTOR = YES;
				GCC_WARN_UNINITIALIZED_AUTOS = YES;
				GCC_WARN_UNUSED_FUNCTION = YES;
				GCC_WARN_UNUSED_VARIABLE = YES;
				SDKROOT = iphoneos;
				SKIP_INSTALL = NO;
				ASSETCATALOG_COMPILER_LAUNCHIMAGE_NAME = LaunchImage;
			};
			name = Release;
		};
/* End XCBuildConfiguration section */

/* Begin XCConfigurationList section */
		1D6058960D05DD3E006BFB54 /* Build configuration list for PBXNativeTarget "Hello World" */ = {
			isa = XCConfigurationList;
			buildConfigurations = (
				1D6058940D05DD3E006BFB54 /* Debug */,
				1D6058950D05DD3E006BFB54 /* Release */,
			);
			defaultConfigurationIsVisible = 0;
			defaultConfigurationName = Release;
		};
		C01FCF4E08A954540054247B /* Build configuration list for PBXProject "__NON-CLI__" */ = {
			isa = XCConfigurationList;
			buildConfigurations = (
				C01FCF4F08A954540054247B /* Debug */,
				C01FCF5008A954540054247B /* Release */,
			);
			defaultConfigurationIsVisible = 0;
			defaultConfigurationName = Release;
		};
/* End XCConfigurationList section */
	};
	rootObject = 29B97313FDCFA39411CA2CEA /* Project object */;
}
